
Microsoft Visual Studio Solution File, Format Version 12.00
# Visual Studio Version 16
VisualStudioVersion = 16.0.30804.86
MinimumVisualStudioVersion = 10.0.40219.1
Project("{FAE04EC0-301F-11D3-BF4B-00C04F79EFBC}") = "Products.Catalog", "Products.Catalog.csproj", "{5E057F85-1C12-4F49-AC87-B22DF5186297}"
EndProject
Global
	GlobalSection(SolutionConfigurationPlatforms) = preSolution
		Debug|Any CPU = Debug|Any CPU
		Release|Any CPU = Release|Any CPU
	EndGlobalSection
	GlobalSection(ProjectConfigurationPlatforms) = postSolution
		{5E057F85-1C12-4F49-AC87-B22DF5186297}.Debug|Any CPU.ActiveCfg = Debug|Any CPU
		{5E057F85-1C12-4F49-AC87-B22DF5186297}.Debug|Any CPU.Build.0 = Debug|Any CPU
		{5E057F85-1C12-4F49-AC87-B22DF5186297}.Release|Any CPU.ActiveCfg = Release|Any CPU
		{5E057F85-1C12-4F49-AC87-B22DF5186297}.Release|Any CPU.Build.0 = Release|Any CPU
	EndGlobalSection
	GlobalSection(SolutionProperties) = preSolution
		HideSolutionNode = FALSE
	EndGlobalSection
	GlobalSection(ExtensibilityGlobals) = postSolution
		SolutionGuid = {83B6803A-2BA1-4E53-9FFE-0AC7BCDE6D42}
	EndGlobalSection
EndGlobal
